
Microsoft Visual Studio Solution File, Format Version 12.00
# Visual Studio Version 17
VisualStudioVersion = 17.5.002.0
MinimumVisualStudioVersion = 10.0.40219.1
Project("{9A19103F-16F7-4668-BE54-9A1E7A4F7556}") = "rent-a-car-mvc", "rent-a-car-mvc.csproj", "{5B717B36-FBCB-4634-BFEE-411D5C2AB027}"
EndProject
Global
	GlobalSection(SolutionConfigurationPlatforms) = preSolution
		Debug|Any CPU = Debug|Any CPU
		Release|Any CPU = Release|Any CPU
	EndGlobalSection
	GlobalSection(ProjectConfigurationPlatforms) = postSolution
		{5B717B36-FBCB-4634-BFEE-411D5C2AB027}.Debug|Any CPU.ActiveCfg = Debug|Any CPU
		{5B717B36-FBCB-4634-BFEE-411D5C2AB027}.Debug|Any CPU.Build.0 = Debug|Any CPU
		{5B717B36-FBCB-4634-BFEE-411D5C2AB027}.Release|Any CPU.ActiveCfg = Release|Any CPU
		{5B717B36-FBCB-4634-BFEE-411D5C2AB027}.Release|Any CPU.Build.0 = Release|Any CPU
	EndGlobalSection
	GlobalSection(SolutionProperties) = preSolution
		HideSolutionNode = FALSE
	EndGlobalSection
	GlobalSection(ExtensibilityGlobals) = postSolution
		SolutionGuid = {D4C744FA-CE6B-4D74-B47B-508E44649442}
	EndGlobalSection
EndGlobal
